
Microsoft Visual Studio Solution File, Format Version 12.00
# Visual Studio Version 16
VisualStudioVersion = 16.0.28922.388
MinimumVisualStudioVersion = 10.0.40219.1
Project("{9A19103F-16F7-4668-BE54-9A1E7A4F7556}") = "ContactsApi", "ContactsApi\ContactsApi.csproj", "{0ED51128-A3A3-4D70-A5E5-46C1288E18E6}"
EndProject
Project("{FAE04EC0-301F-11D3-BF4B-00C04F79EFBC}") = "ContactsApi.Tests", "ContactsApi.Tests\ContactsApi.Tests.csproj", "{B52837A3-7921-4CAA-817D-244B4B25C2C5}"
EndProject
Global
	GlobalSection(SolutionConfigurationPlatforms) = preSolution
		Debug|Any CPU = Debug|Any CPU
		Release|Any CPU = Release|Any CPU
	EndGlobalSection
	GlobalSection(ProjectConfigurationPlatforms) = postSolution
		{0ED51128-A3A3-4D70-A5E5-46C1288E18E6}.Debug|Any CPU.ActiveCfg = Debug|Any CPU
		{0ED51128-A3A3-4D70-A5E5-46C1288E18E6}.Debug|Any CPU.Build.0 = Debug|Any CPU
		{0ED51128-A3A3-4D70-A5E5-46C1288E18E6}.Release|Any CPU.ActiveCfg = Release|Any CPU
		{0ED51128-A3A3-4D70-A5E5-46C1288E18E6}.Release|Any CPU.Build.0 = Release|Any CPU
		{B52837A3-7921-4CAA-817D-244B4B25C2C5}.Debug|Any CPU.ActiveCfg = Debug|Any CPU
		{B52837A3-7921-4CAA-817D-244B4B25C2C5}.Debug|Any CPU.Build.0 = Debug|Any CPU
		{B52837A3-7921-4CAA-817D-244B4B25C2C5}.Release|Any CPU.ActiveCfg = Release|Any CPU
		{B52837A3-7921-4CAA-817D-244B4B25C2C5}.Release|Any CPU.Build.0 = Release|Any CPU
	EndGlobalSection
	GlobalSection(SolutionProperties) = preSolution
		HideSolutionNode = FALSE
	EndGlobalSection
	GlobalSection(ExtensibilityGlobals) = postSolution
		SolutionGuid = {3BA79853-A70E-4DBC-BD9C-244D1CD0427C}
	EndGlobalSection
EndGlobal
